
Microsoft Visual Studio Solution File, Format Version 12.00
# Visual Studio Version 17
VisualStudioVersion = 17.11.35312.102
MinimumVisualStudioVersion = 10.0.40219.1
Project("{FAE04EC0-301F-11D3-BF4B-00C04F79EFBC}") = "net-challenge.web-api", "net-challenge.web-api\net-challenge.web-api.csproj", "{5BD53D30-2943-4CCB-9F9C-5568C7C04395}"
EndProject
Global
	GlobalSection(SolutionConfigurationPlatforms) = preSolution
		Debug|Any CPU = Debug|Any CPU
		Release|Any CPU = Release|Any CPU
	EndGlobalSection
	GlobalSection(ProjectConfigurationPlatforms) = postSolution
		{5BD53D30-2943-4CCB-9F9C-5568C7C04395}.Debug|Any CPU.ActiveCfg = Debug|Any CPU
		{5BD53D30-2943-4CCB-9F9C-5568C7C04395}.Debug|Any CPU.Build.0 = Debug|Any CPU
		{5BD53D30-2943-4CCB-9F9C-5568C7C04395}.Release|Any CPU.ActiveCfg = Release|Any CPU
		{5BD53D30-2943-4CCB-9F9C-5568C7C04395}.Release|Any CPU.Build.0 = Release|Any CPU
	EndGlobalSection
	GlobalSection(SolutionProperties) = preSolution
		HideSolutionNode = FALSE
	EndGlobalSection
	GlobalSection(ExtensibilityGlobals) = postSolution
		SolutionGuid = {2D241429-895E-4F42-AA88-227C3F007DAE}
	EndGlobalSection
EndGlobal
